
Microsoft Visual Studio Solution File, Format Version 12.00
# Visual Studio Version 16
VisualStudioVersion = 25.0.1706.4
MinimumVisualStudioVersion = 10.0.40219.1
Project("{FAE04EC0-301F-11D3-BF4B-00C04F79EFBC}") = "CSharpLabs2024", "CSharpLabs2024\CSharpLabs2024.csproj", "{42327792-6CE6-492F-B7DC-049D9921951F}"
EndProject
Global
	GlobalSection(SolutionConfigurationPlatforms) = preSolution
		Debug|Any CPU = Debug|Any CPU
		Release|Any CPU = Release|Any CPU
	EndGlobalSection
	GlobalSection(ProjectConfigurationPlatforms) = postSolution
		{42327792-6CE6-492F-B7DC-049D9921951F}.Debug|Any CPU.ActiveCfg = Debug|Any CPU
		{42327792-6CE6-492F-B7DC-049D9921951F}.Debug|Any CPU.Build.0 = Debug|Any CPU
		{42327792-6CE6-492F-B7DC-049D9921951F}.Release|Any CPU.ActiveCfg = Release|Any CPU
		{42327792-6CE6-492F-B7DC-049D9921951F}.Release|Any CPU.Build.0 = Release|Any CPU
	EndGlobalSection
	GlobalSection(SolutionProperties) = preSolution
		HideSolutionNode = FALSE
	EndGlobalSection
	GlobalSection(ExtensibilityGlobals) = postSolution
		SolutionGuid = {7B9740D1-C7AF-427A-B7BE-A2C50E53AF8F}
	EndGlobalSection
EndGlobal
