
Microsoft Visual Studio Solution File, Format Version 12.00
# Visual Studio Version 16
VisualStudioVersion = 25.0.1706.4
MinimumVisualStudioVersion = 10.0.40219.1
Project("{FAE04EC0-301F-11D3-BF4B-00C04F79EFBC}") = "Pr2", "Pr2\Pr2.csproj", "{DA50FBAD-013B-4B87-87FF-5E8499F70C84}"
EndProject
Global
	GlobalSection(SolutionConfigurationPlatforms) = preSolution
		Debug|Any CPU = Debug|Any CPU
		Release|Any CPU = Release|Any CPU
	EndGlobalSection
	GlobalSection(ProjectConfigurationPlatforms) = postSolution
		{DA50FBAD-013B-4B87-87FF-5E8499F70C84}.Debug|Any CPU.ActiveCfg = Debug|Any CPU
		{DA50FBAD-013B-4B87-87FF-5E8499F70C84}.Debug|Any CPU.Build.0 = Debug|Any CPU
		{DA50FBAD-013B-4B87-87FF-5E8499F70C84}.Release|Any CPU.ActiveCfg = Release|Any CPU
		{DA50FBAD-013B-4B87-87FF-5E8499F70C84}.Release|Any CPU.Build.0 = Release|Any CPU
	EndGlobalSection
	GlobalSection(SolutionProperties) = preSolution
		HideSolutionNode = FALSE
	EndGlobalSection
	GlobalSection(ExtensibilityGlobals) = postSolution
		SolutionGuid = {C80472A1-AF30-454E-B9CC-F0562DB1927C}
	EndGlobalSection
EndGlobal
